{
  "pins" : [
    {
      "identity" : "swift-syntax",
      "kind" : "remoteSourceControl",
      "location" : "https://github.com/swiftlang/swift-syntax",
      "state" : {
        "revision" : "41bde9e3af2ffbccb6fb9ddd47061b4479b832dd",
        "version" : "601.0.0-prerelease-2024-12-17"
      }
    }
  ],
  "version" : 2
}
